
Microsoft Visual Studio Solution File, Format Version 12.00
# Visual Studio Version 17
VisualStudioVersion = 17.1.32328.378
MinimumVisualStudioVersion = 10.0.40219.1
Project("{FAE04EC0-301F-11D3-BF4B-00C04F79EFBC}") = "Kavenegar-NetCore(unofficial)", "Kavenegar-NetCore(unofficial)\Kavenegar-NetCore(unofficial).csproj", "{13A5CF6F-1FFB-4249-B8CE-BEB056C26419}"
EndProject
Project("{FAE04EC0-301F-11D3-BF4B-00C04F79EFBC}") = "Test", "Test\Test.csproj", "{1F7DE012-2E73-408A-8314-B20A82A397E2}"
EndProject
Global
	GlobalSection(SolutionConfigurationPlatforms) = preSolution
		Debug|Any CPU = Debug|Any CPU
		Release|Any CPU = Release|Any CPU
	EndGlobalSection
	GlobalSection(ProjectConfigurationPlatforms) = postSolution
		{13A5CF6F-1FFB-4249-B8CE-BEB056C26419}.Debug|Any CPU.ActiveCfg = Debug|Any CPU
		{13A5CF6F-1FFB-4249-B8CE-BEB056C26419}.Debug|Any CPU.Build.0 = Debug|Any CPU
		{13A5CF6F-1FFB-4249-B8CE-BEB056C26419}.Release|Any CPU.ActiveCfg = Release|Any CPU
		{13A5CF6F-1FFB-4249-B8CE-BEB056C26419}.Release|Any CPU.Build.0 = Release|Any CPU
		{1F7DE012-2E73-408A-8314-B20A82A397E2}.Debug|Any CPU.ActiveCfg = Debug|Any CPU
		{1F7DE012-2E73-408A-8314-B20A82A397E2}.Debug|Any CPU.Build.0 = Debug|Any CPU
		{1F7DE012-2E73-408A-8314-B20A82A397E2}.Release|Any CPU.ActiveCfg = Release|Any CPU
		{1F7DE012-2E73-408A-8314-B20A82A397E2}.Release|Any CPU.Build.0 = Release|Any CPU
	EndGlobalSection
	GlobalSection(SolutionProperties) = preSolution
		HideSolutionNode = FALSE
	EndGlobalSection
	GlobalSection(ExtensibilityGlobals) = postSolution
		SolutionGuid = {4F1F75A6-CB5D-47D2-8177-CAFEAF530B02}
	EndGlobalSection
EndGlobal
